
Microsoft Visual Studio Solution File, Format Version 12.00
# Visual Studio Version 16
VisualStudioVersion = 16.0.29102.190
MinimumVisualStudioVersion = 10.0.40219.1
Project("{FAE04EC0-301F-11D3-BF4B-00C04F79EFBC}") = "ClassLibrary2", "ClassLibrary2\ClassLibrary2.csproj", "{994E85C7-E0D5-4058-8B87-D7DF84D326D5}"
EndProject
Global
	GlobalSection(SolutionConfigurationPlatforms) = preSolution
		Debug|Any CPU = Debug|Any CPU
		Release|Any CPU = Release|Any CPU
	EndGlobalSection
	GlobalSection(ProjectConfigurationPlatforms) = postSolution
		{994E85C7-E0D5-4058-8B87-D7DF84D326D5}.Debug|Any CPU.ActiveCfg = Debug|Any CPU
		{994E85C7-E0D5-4058-8B87-D7DF84D326D5}.Debug|Any CPU.Build.0 = Debug|Any CPU
		{994E85C7-E0D5-4058-8B87-D7DF84D326D5}.Release|Any CPU.ActiveCfg = Release|Any CPU
		{994E85C7-E0D5-4058-8B87-D7DF84D326D5}.Release|Any CPU.Build.0 = Release|Any CPU
	EndGlobalSection
	GlobalSection(SolutionProperties) = preSolution
		HideSolutionNode = FALSE
	EndGlobalSection
	GlobalSection(ExtensibilityGlobals) = postSolution
		SolutionGuid = {8214071D-A664-43DB-B02F-6D1CDD4C08EF}
	EndGlobalSection
EndGlobal
